
Microsoft Visual Studio Solution File, Format Version 12.00
# Visual Studio Version 16
VisualStudioVersion = 16.0.29215.179
MinimumVisualStudioVersion = 10.0.40219.1
Project("{9A19103F-16F7-4668-BE54-9A1E7A4F7556}") = "Restaurante_Proyecto", "Restaurante_Proyecto\Restaurante_Proyecto.csproj", "{18997536-9D1C-4C52-AC49-A4DA472F4C94}"
EndProject
Project("{9A19103F-16F7-4668-BE54-9A1E7A4F7556}") = "RestTest", "RestTest\RestTest.csproj", "{9E7981E2-6577-4B59-864F-C540A42181AF}"
EndProject
Global
	GlobalSection(SolutionConfigurationPlatforms) = preSolution
		Debug|Any CPU = Debug|Any CPU
		Release|Any CPU = Release|Any CPU
	EndGlobalSection
	GlobalSection(ProjectConfigurationPlatforms) = postSolution
		{18997536-9D1C-4C52-AC49-A4DA472F4C94}.Debug|Any CPU.ActiveCfg = Debug|Any CPU
		{18997536-9D1C-4C52-AC49-A4DA472F4C94}.Debug|Any CPU.Build.0 = Debug|Any CPU
		{18997536-9D1C-4C52-AC49-A4DA472F4C94}.Release|Any CPU.ActiveCfg = Release|Any CPU
		{18997536-9D1C-4C52-AC49-A4DA472F4C94}.Release|Any CPU.Build.0 = Release|Any CPU
		{9E7981E2-6577-4B59-864F-C540A42181AF}.Debug|Any CPU.ActiveCfg = Debug|Any CPU
		{9E7981E2-6577-4B59-864F-C540A42181AF}.Debug|Any CPU.Build.0 = Debug|Any CPU
		{9E7981E2-6577-4B59-864F-C540A42181AF}.Release|Any CPU.ActiveCfg = Release|Any CPU
		{9E7981E2-6577-4B59-864F-C540A42181AF}.Release|Any CPU.Build.0 = Release|Any CPU
	EndGlobalSection
	GlobalSection(SolutionProperties) = preSolution
		HideSolutionNode = FALSE
	EndGlobalSection
	GlobalSection(ExtensibilityGlobals) = postSolution
		SolutionGuid = {E6A3F45F-9DD4-4A1E-8F81-16DB0897777B}
	EndGlobalSection
EndGlobal
